Microsoft Visual Studio Solution File, Format Version 11.00
# Visual Studio 2008

Project("{314804A1-522F-AA0D-5BF5-EF8C08638CE0}") = "HanzakiProject", "Assembly-CSharp.csproj", "{45DA4FCB-364E-B8F8-EF6E-228ADB8242E4}"
EndProject
Global
	GlobalSection(SolutionConfigurationPlatforms) = preSolution
		Debug|Any CPU = Debug|Any CPU
		Release|Any CPU = Release|Any CPU
	EndGlobalSection
	GlobalSection(ProjectConfigurationPlatforms) = postSolution
		{45DA4FCB-364E-B8F8-EF6E-228ADB8242E4}.Debug|Any CPU.ActiveCfg = Debug|Any CPU
		{45DA4FCB-364E-B8F8-EF6E-228ADB8242E4}.Debug|Any CPU.Build.0 = Debug|Any CPU
		{45DA4FCB-364E-B8F8-EF6E-228ADB8242E4}.Release|Any CPU.ActiveCfg = Release|Any CPU
		{45DA4FCB-364E-B8F8-EF6E-228ADB8242E4}.Release|Any CPU.Build.0 = Release|Any CPU
	EndGlobalSection
	GlobalSection(SolutionProperties) = preSolution
		HideSolutionNode = FALSE
	EndGlobalSection
	GlobalSection(MonoDevelopProperties) = preSolution
		StartupItem = Assembly-CSharp.csproj
	EndGlobalSection
EndGlobal
